
Microsoft Visual Studio Solution File, Format Version 12.00
# Visual Studio 15
VisualStudioVersion = 15.0.26730.12
MinimumVisualStudioVersion = 10.0.40219.1
Project("{FAE04EC0-301F-11D3-BF4B-00C04F79EFBC}") = "SouthEastCon2018", "SouthEastCon2017\SouthEastCon2018.csproj", "{DAD24BF5-7C8D-493D-BCBC-A34379FD756B}"
EndProject
Project("{FAE04EC0-301F-11D3-BF4B-00C04F79EFBC}") = "SECDAL", "SECDAL\SECDAL.csproj", "{7DD0DC0A-9D0C-4094-9E47-49E764EB915A}"
EndProject
Global
	GlobalSection(SolutionConfigurationPlatforms) = preSolution
		Debug|Any CPU = Debug|Any CPU
		Release|Any CPU = Release|Any CPU
	EndGlobalSection
	GlobalSection(ProjectConfigurationPlatforms) = postSolution
		{DAD24BF5-7C8D-493D-BCBC-A34379FD756B}.Debug|Any CPU.ActiveCfg = Debug|Any CPU
		{DAD24BF5-7C8D-493D-BCBC-A34379FD756B}.Debug|Any CPU.Build.0 = Debug|Any CPU
		{DAD24BF5-7C8D-493D-BCBC-A34379FD756B}.Release|Any CPU.ActiveCfg = Release|Any CPU
		{DAD24BF5-7C8D-493D-BCBC-A34379FD756B}.Release|Any CPU.Build.0 = Release|Any CPU
		{7DD0DC0A-9D0C-4094-9E47-49E764EB915A}.Debug|Any CPU.ActiveCfg = Debug|Any CPU
		{7DD0DC0A-9D0C-4094-9E47-49E764EB915A}.Debug|Any CPU.Build.0 = Debug|Any CPU
		{7DD0DC0A-9D0C-4094-9E47-49E764EB915A}.Release|Any CPU.ActiveCfg = Release|Any CPU
		{7DD0DC0A-9D0C-4094-9E47-49E764EB915A}.Release|Any CPU.Build.0 = Release|Any CPU
	EndGlobalSection
	GlobalSection(SolutionProperties) = preSolution
		HideSolutionNode = FALSE
	EndGlobalSection
	GlobalSection(ExtensibilityGlobals) = postSolution
		SolutionGuid = {CCFA3A45-2EAF-4309-AD8E-AB9E6B31E27D}
	EndGlobalSection
EndGlobal
